
Microsoft Visual Studio Solution File, Format Version 12.00
# Visual Studio 15
VisualStudioVersion = 15.0.27130.2027
MinimumVisualStudioVersion = 10.0.40219.1
Project("{FAE04EC0-301F-11D3-BF4B-00C04F79EFBC}") = "UI", "UI\UI.csproj", "{18B17034-53A0-45FE-B460-636568BA4325}"
EndProject
Project("{FAE04EC0-301F-11D3-BF4B-00C04F79EFBC}") = "UI.Tests", "UI.Tests\UI.Tests.csproj", "{A1C87650-6162-4B30-9A7D-DAD4D597BA4E}"
EndProject
Project("{FAE04EC0-301F-11D3-BF4B-00C04F79EFBC}") = "AppConsole", "AppConsole\AppConsole.csproj", "{8ACFD482-F0BF-46EF-8868-F3E5059EFD5B}"
EndProject
Global
	GlobalSection(SolutionConfigurationPlatforms) = preSolution
		Debug|Any CPU = Debug|Any CPU
		Release|Any CPU = Release|Any CPU
	EndGlobalSection
	GlobalSection(ProjectConfigurationPlatforms) = postSolution
		{18B17034-53A0-45FE-B460-636568BA4325}.Debug|Any CPU.ActiveCfg = Debug|Any CPU
		{18B17034-53A0-45FE-B460-636568BA4325}.Debug|Any CPU.Build.0 = Debug|Any CPU
		{18B17034-53A0-45FE-B460-636568BA4325}.Release|Any CPU.ActiveCfg = Release|Any CPU
		{18B17034-53A0-45FE-B460-636568BA4325}.Release|Any CPU.Build.0 = Release|Any CPU
		{A1C87650-6162-4B30-9A7D-DAD4D597BA4E}.Debug|Any CPU.ActiveCfg = Debug|Any CPU
		{A1C87650-6162-4B30-9A7D-DAD4D597BA4E}.Debug|Any CPU.Build.0 = Debug|Any CPU
		{A1C87650-6162-4B30-9A7D-DAD4D597BA4E}.Release|Any CPU.ActiveCfg = Release|Any CPU
		{A1C87650-6162-4B30-9A7D-DAD4D597BA4E}.Release|Any CPU.Build.0 = Release|Any CPU
		{8ACFD482-F0BF-46EF-8868-F3E5059EFD5B}.Debug|Any CPU.ActiveCfg = Debug|Any CPU
		{8ACFD482-F0BF-46EF-8868-F3E5059EFD5B}.Debug|Any CPU.Build.0 = Debug|Any CPU
		{8ACFD482-F0BF-46EF-8868-F3E5059EFD5B}.Release|Any CPU.ActiveCfg = Release|Any CPU
		{8ACFD482-F0BF-46EF-8868-F3E5059EFD5B}.Release|Any CPU.Build.0 = Release|Any CPU
	EndGlobalSection
	GlobalSection(SolutionProperties) = preSolution
		HideSolutionNode = FALSE
	EndGlobalSection
	GlobalSection(ExtensibilityGlobals) = postSolution
		SolutionGuid = {6845DFF5-5EEF-4528-89BD-31B1B6297DC5}
	EndGlobalSection
EndGlobal
